// !$*UTF8*$!
{
	archiveVersion = 1;
	classes = {
	};
	objectVersion = 50;
	objects = {

/* Begin PBXBuildFile section */
		105A7940222730DC000EAFC9 /* main.c in Sources */ = {isa = PBXBuildFile; fileRef = 105A793F222730DC000EAFC9 /* main.c */; };
		105A794822273426000EAFC9 /* Interface201.c in Sources */ = {isa = PBXBuildFile; fileRef = 105A794722273426000EAFC9 /* Interface201.c */; };
		105A794B22277216000EAFC9 /* Control.c in Sources */ = {isa = PBXBuildFile; fileRef = 105A794A22277216000EAFC9 /* Control.c */; };
		105A794E2227722B000EAFC9 /* Database.c in Sources */ = {isa = PBXBuildFile; fileRef = 105A794D2227722B000EAFC9 /* Database.c */; };
		10E1C65D223F3740003CFDBA /* MovieTree.c in Sources */ = {isa = PBXBuildFile; fileRef = 10E1C65C223F3740003CFDBA /* MovieTree.c */; };
		10F4120C2245B50E001D4990 /* UserTree.c in Sources */ = {isa = PBXBuildFile; fileRef = 10F4120B2245B50E001D4990 /* UserTree.c */; };
		10F4120F2245B66C001D4990 /* CatalogTree.c in Sources */ = {isa = PBXBuildFile; fileRef = 10F4120E2245B66C001D4990 /* CatalogTree.c */; };
/* End PBXBuildFile section */

/* Begin PBXCopyFilesBuildPhase section */
		105A793A222730DC000EAFC9 /* CopyFiles */ = {
			isa = PBXCopyFilesBuildPhase;
			buildActionMask = 2147483647;
			dstPath = /usr/share/man/man1/;
			dstSubfolderSpec = 0;
			files = (
			);
			runOnlyForDeploymentPostprocessing = 1;
		};
/* End PBXCopyFilesBuildPhase section */

/* Begin PBXFileReference section */
		105A793C222730DC000EAFC9 /* CS 201 */ = {isa = PBXFileReference; explicitFileType = "compiled.mach-o.executable"; includeInIndex = 0; path = "CS 201"; sourceTree = BUILT_PRODUCTS_DIR; };
		105A793F222730DC000EAFC9 /* main.c */ = {isa = PBXFileReference; lastKnownFileType = sourcecode.c.c; path = main.c; sourceTree = "<group>"; };
		105A794622273426000EAFC9 /* Interface201.h */ = {isa = PBXFileReference; lastKnownFileType = sourcecode.c.h; path = Interface201.h; sourceTree = "<group>"; };
		105A794722273426000EAFC9 /* Interface201.c */ = {isa = PBXFileReference; lastKnownFileType = sourcecode.c.c; path = Interface201.c; sourceTree = "<group>"; };
		105A794922277216000EAFC9 /* Control.h */ = {isa = PBXFileReference; lastKnownFileType = sourcecode.c.h; path = Control.h; sourceTree = "<group>"; };
		105A794A22277216000EAFC9 /* Control.c */ = {isa = PBXFileReference; lastKnownFileType = sourcecode.c.c; path = Control.c; sourceTree = "<group>"; };
		105A794C2227722B000EAFC9 /* Database.h */ = {isa = PBXFileReference; lastKnownFileType = sourcecode.c.h; path = Database.h; sourceTree = "<group>"; };
		105A794D2227722B000EAFC9 /* Database.c */ = {isa = PBXFileReference; lastKnownFileType = sourcecode.c.c; path = Database.c; sourceTree = "<group>"; };
		10E1C65B223F3740003CFDBA /* MovieTree.h */ = {isa = PBXFileReference; lastKnownFileType = sourcecode.c.h; path = MovieTree.h; sourceTree = "<group>"; };
		10E1C65C223F3740003CFDBA /* MovieTree.c */ = {isa = PBXFileReference; lastKnownFileType = sourcecode.c.c; path = MovieTree.c; sourceTree = "<group>"; };
		10F4120A2245B50D001D4990 /* UserTree.h */ = {isa = PBXFileReference; lastKnownFileType = sourcecode.c.h; path = UserTree.h; sourceTree = "<group>"; };
		10F4120B2245B50E001D4990 /* UserTree.c */ = {isa = PBXFileReference; lastKnownFileType = sourcecode.c.c; path = UserTree.c; sourceTree = "<group>"; };
		10F4120D2245B66C001D4990 /* CatalogTree.h */ = {isa = PBXFileReference; lastKnownFileType = sourcecode.c.h; path = CatalogTree.h; sourceTree = "<group>"; };
		10F4120E2245B66C001D4990 /* CatalogTree.c */ = {isa = PBXFileReference; lastKnownFileType = sourcecode.c.c; path = CatalogTree.c; sourceTree = "<group>"; };
/* End PBXFileReference section */

/* Begin PBXFrameworksBuildPhase section */
		105A7939222730DC000EAFC9 /* Frameworks */ = {
			isa = PBXFrameworksBuildPhase;
			buildActionMask = 2147483647;
			files = (
			);
			runOnlyForDeploymentPostprocessing = 0;
		};
/* End PBXFrameworksBuildPhase section */

/* Begin PBXGroup section */
		105A7933222730DC000EAFC9 = {
			isa = PBXGroup;
			children = (
				105A793E222730DC000EAFC9 /* CS 201 */,
				105A793D222730DC000EAFC9 /* Products */,
			);
			sourceTree = "<group>";
		};
		105A793D222730DC000EAFC9 /* Products */ = {
			isa = PBXGroup;
			children = (
				105A793C222730DC000EAFC9 /* CS 201 */,
			);
			name = Products;
			sourceTree = "<group>";
		};
		105A793E222730DC000EAFC9 /* CS 201 */ = {
			isa = PBXGroup;
			children = (
				105A793F222730DC000EAFC9 /* main.c */,
				105A794622273426000EAFC9 /* Interface201.h */,
				105A794722273426000EAFC9 /* Interface201.c */,
				105A794922277216000EAFC9 /* Control.h */,
				105A794A22277216000EAFC9 /* Control.c */,
				105A794C2227722B000EAFC9 /* Database.h */,
				105A794D2227722B000EAFC9 /* Database.c */,
				10E1C65B223F3740003CFDBA /* MovieTree.h */,
				10E1C65C223F3740003CFDBA /* MovieTree.c */,
				10F4120A2245B50D001D4990 /* UserTree.h */,
				10F4120B2245B50E001D4990 /* UserTree.c */,
				10F4120D2245B66C001D4990 /* CatalogTree.h */,
				10F4120E2245B66C001D4990 /* CatalogTree.c */,
			);
			path = "CS 201";
			sourceTree = "<group>";
		};
/* End PBXGroup section */

/* Begin PBXNativeTarget section */
		105A793B222730DC000EAFC9 /* CS 201 */ = {
			isa = PBXNativeTarget;
			buildConfigurationList = 105A7943222730DC000EAFC9 /* Build configuration list for PBXNativeTarget "CS 201" */;
			buildPhases = (
				105A7938222730DC000EAFC9 /* Sources */,
				105A7939222730DC000EAFC9 /* Frameworks */,
				105A793A222730DC000EAFC9 /* CopyFiles */,
			);
			buildRules = (
			);
			dependencies = (
			);
			name = "CS 201";
			productName = "CS 201";
			productReference = 105A793C222730DC000EAFC9 /* CS 201 */;
			productType = "com.apple.product-type.tool";
		};
/* End PBXNativeTarget section */

/* Begin PBXProject section */
		105A7934222730DC000EAFC9 /* Project object */ = {
			isa = PBXProject;
			attributes = {
				LastUpgradeCheck = 1010;
				ORGANIZATIONNAME = "Trapper Ross";
				TargetAttributes = {
					105A793B222730DC000EAFC9 = {
						CreatedOnToolsVersion = 10.1;
					};
				};
			};
			buildConfigurationList = 105A7937222730DC000EAFC9 /* Build configuration list for PBXProject "CS 201" */;
			compatibilityVersion = "Xcode 9.3";
			developmentRegion = en;
			hasScannedForEncodings = 0;
			knownRegions = (
				en,
			);
			mainGroup = 105A7933222730DC000EAFC9;
			productRefGroup = 105A793D222730DC000EAFC9 /* Products */;
			projectDirPath = "";
			projectRoot = "";
			targets = (
				105A793B222730DC000EAFC9 /* CS 201 */,
			);
		};
/* End PBXProject section */

/* Begin PBXSourcesBuildPhase section */
		105A7938222730DC000EAFC9 /* Sources */ = {
			isa = PBXSourcesBuildPhase;
			buildActionMask = 2147483647;
			files = (
				10F4120F2245B66C001D4990 /* CatalogTree.c in Sources */,
				10F4120C2245B50E001D4990 /* UserTree.c in Sources */,
				105A794E2227722B000EAFC9 /* Database.c in Sources */,
				105A7940222730DC000EAFC9 /* main.c in Sources */,
				105A794B22277216000EAFC9 /* Control.c in Sources */,
				10E1C65D223F3740003CFDBA /* MovieTree.c in Sources */,
				105A794822273426000EAFC9 /* Interface201.c in Sources */,
			);
			runOnlyForDeploymentPostprocessing = 0;
		};
/* End PBXSourcesBuildPhase section */

/* Begin XCBuildConfiguration section */
		105A7941222730DC000EAFC9 /* Debug */ = {
			isa = XCBuildConfiguration;
			buildSettings = {
				ALWAYS_SEARCH_USER_PATHS = NO;
				CLANG_ANALYZER_NONNULL = YES;
				CLANG_ANALYZER_NUMBER_OBJECT_CONVERSION = YES_AGGRESSIVE;
				CLANG_CXX_LANGUAGE_STANDARD = "gnu++14";
				CLANG_CXX_LIBRARY = "libc++";
				CLANG_ENABLE_MODULES = YES;
				CLANG_ENABLE_OBJC_ARC = YES;
				CLANG_ENABLE_OBJC_WEAK = YES;
				CLANG_WARN_BLOCK_CAPTURE_AUTORELEASING = YES;
				CLANG_WARN_BOOL_CONVERSION = YES;
				CLANG_WARN_COMMA = YES;
				CLANG_WARN_CONSTANT_CONVERSION = YES;
				CLANG_WARN_DEPRECATED_OBJC_IMPLEMENTATIONS = YES;
				CLANG_WARN_DIRECT_OBJC_ISA_USAGE = YES_ERROR;
				CLANG_WARN_DOCUMENTATION_COMMENTS = YES;
				CLANG_WARN_EMPTY_BODY = YES;
				CLANG_WARN_ENUM_CONVERSION = YES;
				CLANG_WARN_INFINITE_RECURSION = YES;
				CLANG_WARN_INT_CONVERSION = YES;
				CLANG_WARN_NON_LITERAL_NULL_CONVERSION = YES;
				CLANG_WARN_OBJC_IMPLICIT_RETAIN_SELF = YES;
				CLANG_WARN_OBJC_LITERAL_CONVERSION = YES;
				CLANG_WARN_OBJC_ROOT_CLASS = YES_ERROR;
				CLANG_WARN_RANGE_LOOP_ANALYSIS = YES;
				CLANG_WARN_STRICT_PROTOTYPES = YES;
				CLANG_WARN_SUSPICIOUS_MOVE = YES;
				CLANG_WARN_UNGUARDED_AVAILABILITY = YES_AGGRESSIVE;
				CLANG_WARN_UNREACHABLE_CODE = YES;
				CLANG_WARN__DUPLICATE_METHOD_MATCH = YES;
				CODE_SIGN_IDENTITY = "-";
				COPY_PHASE_STRIP = NO;
				DEBUG_INFORMATION_FORMAT = dwarf;
				ENABLE_STRICT_OBJC_MSGSEND = YES;
				ENABLE_TESTABILITY = YES;
				GCC_C_LANGUAGE_STANDARD = gnu11;
				GCC_DYNAMIC_NO_PIC = NO;
				GCC_NO_COMMON_BLOCKS = YES;
				GCC_OPTIMIZATION_LEVEL = 0;
				GCC_PREPROCESSOR_DEFINITIONS = (
					"DEBUG=1",
					"$(inherited)",
				);
				GCC_WARN_64_TO_32_BIT_CONVERSION = YES;
				GCC_WARN_ABOUT_RETURN_TYPE = YES_ERROR;
				GCC_WARN_UNDECLARED_SELECTOR = YES;
				GCC_WARN_UNINITIALIZED_AUTOS = YES_AGGRESSIVE;
				GCC_WARN_UNUSED_FUNCTION = YES;
				GCC_WARN_UNUSED_VARIABLE = YES;
				MACOSX_DEPLOYMENT_TARGET = 10.13;
				MTL_ENABLE_DEBUG_INFO = INCLUDE_SOURCE;
				MTL_FAST_MATH = YES;
				ONLY_ACTIVE_ARCH = YES;
				SDKROOT = macosx;
			};
			name = Debug;
		};
		105A7942222730DC000EAFC9 /* Release */ = {
			isa = XCBuildConfiguration;
			buildSettings = {
				ALWAYS_SEARCH_USER_PATHS = NO;
				CLANG_ANALYZER_NONNULL = YES;
				CLANG_ANALYZER_NUMBER_OBJECT_CONVERSION = YES_AGGRESSIVE;
				CLANG_CXX_LANGUAGE_STANDARD = "gnu++14";
				CLANG_CXX_LIBRARY = "libc++";
				CLANG_ENABLE_MODULES = YES;
				CLANG_ENABLE_OBJC_ARC = YES;
				CLANG_ENABLE_OBJC_WEAK = YES;
				CLANG_WARN_BLOCK_CAPTURE_AUTORELEASING = YES;
				CLANG_WARN_BOOL_CONVERSION = YES;
				CLANG_WARN_COMMA = YES;
				CLANG_WARN_CONSTANT_CONVERSION = YES;
				CLANG_WARN_DEPRECATED_OBJC_IMPLEMENTATIONS = YES;
				CLANG_WARN_DIRECT_OBJC_ISA_USAGE = YES_ERROR;
				CLANG_WARN_DOCUMENTATION_COMMENTS = YES;
				CLANG_WARN_EMPTY_BODY = YES;
				CLANG_WARN_ENUM_CONVERSION = YES;
				CLANG_WARN_INFINITE_RECURSION = YES;
				CLANG_WARN_INT_CONVERSION = YES;
				CLANG_WARN_NON_LITERAL_NULL_CONVERSION = YES;
				CLANG_WARN_OBJC_IMPLICIT_RETAIN_SELF = YES;
				CLANG_WARN_OBJC_LITERAL_CONVERSION = YES;
				CLANG_WARN_OBJC_ROOT_CLASS = YES_ERROR;
				CLANG_WARN_RANGE_LOOP_ANALYSIS = YES;
				CLANG_WARN_STRICT_PROTOTYPES = YES;
				CLANG_WARN_SUSPICIOUS_MOVE = YES;
				CLANG_WARN_UNGUARDED_AVAILABILITY = YES_AGGRESSIVE;
				CLANG_WARN_UNREACHABLE_CODE = YES;
				CLANG_WARN__DUPLICATE_METHOD_MATCH = YES;
				CODE_SIGN_IDENTITY = "-";
				COPY_PHASE_STRIP = NO;
				DEBUG_INFORMATION_FORMAT = "dwarf-with-dsym";
				ENABLE_NS_ASSERTIONS = NO;
				ENABLE_STRICT_OBJC_MSGSEND = YES;
				GCC_C_LANGUAGE_STANDARD = gnu11;
				GCC_NO_COMMON_BLOCKS = YES;
				GCC_WARN_64_TO_32_BIT_CONVERSION = YES;
				GCC_WARN_ABOUT_RETURN_TYPE = YES_ERROR;
				GCC_WARN_UNDECLARED_SELECTOR = YES;
				GCC_WARN_UNINITIALIZED_AUTOS = YES_AGGRESSIVE;
				GCC_WARN_UNUSED_FUNCTION = YES;
				GCC_WARN_UNUSED_VARIABLE = YES;
				MACOSX_DEPLOYMENT_TARGET = 10.13;
				MTL_ENABLE_DEBUG_INFO = NO;
				MTL_FAST_MATH = YES;
				SDKROOT = macosx;
			};
			name = Release;
		};
		105A7944222730DC000EAFC9 /* Debug */ = {
			isa = XCBuildConfiguration;
			buildSettings = {
				CODE_SIGN_STYLE = Automatic;
				PRODUCT_NAME = "$(TARGET_NAME)";
			};
			name = Debug;
		};
		105A7945222730DC000EAFC9 /* Release */ = {
			isa = XCBuildConfiguration;
			buildSettings = {
				CODE_SIGN_STYLE = Automatic;
				PRODUCT_NAME = "$(TARGET_NAME)";
			};
			name = Release;
		};
/* End XCBuildConfiguration section */

/* Begin XCConfigurationList section */
		105A7937222730DC000EAFC9 /* Build configuration list for PBXProject "CS 201" */ = {
			isa = XCConfigurationList;
			buildConfigurations = (
				105A7941222730DC000EAFC9 /* Debug */,
				105A7942222730DC000EAFC9 /* Release */,
			);
			defaultConfigurationIsVisible = 0;
			defaultConfigurationName = Release;
		};
		105A7943222730DC000EAFC9 /* Build configuration list for PBXNativeTarget "CS 201" */ = {
			isa = XCConfigurationList;
			buildConfigurations = (
				105A7944222730DC000EAFC9 /* Debug */,
				105A7945222730DC000EAFC9 /* Release */,
			);
			defaultConfigurationIsVisible = 0;
			defaultConfigurationName = Release;
		};
/* End XCConfigurationList section */
	};
	rootObject = 105A7934222730DC000EAFC9 /* Project object */;
}
